
Microsoft Visual Studio Solution File, Format Version 12.00
# Visual Studio 14
VisualStudioVersion = 14.0.25420.1
MinimumVisualStudioVersion = 10.0.40219.1
Project("{FAE04EC0-301F-11D3-BF4B-00C04F79EFBC}") = "rdb_scenarios", "rdb_scenarios\rdb_scenarios.csproj", "{F173F507-82D9-400C-9C7D-3DAB0C1AAFBB}"
EndProject
Global
	GlobalSection(SolutionConfigurationPlatforms) = preSolution
		Debug|Any CPU = Debug|Any CPU
		Release|Any CPU = Release|Any CPU
	EndGlobalSection
	GlobalSection(ProjectConfigurationPlatforms) = postSolution
		{F173F507-82D9-400C-9C7D-3DAB0C1AAFBB}.Debug|Any CPU.ActiveCfg = Debug|Any CPU
		{F173F507-82D9-400C-9C7D-3DAB0C1AAFBB}.Debug|Any CPU.Build.0 = Debug|Any CPU
		{F173F507-82D9-400C-9C7D-3DAB0C1AAFBB}.Release|Any CPU.ActiveCfg = Release|Any CPU
		{F173F507-82D9-400C-9C7D-3DAB0C1AAFBB}.Release|Any CPU.Build.0 = Release|Any CPU
	EndGlobalSection
	GlobalSection(SolutionProperties) = preSolution
		HideSolutionNode = FALSE
	EndGlobalSection
EndGlobal
